[[package]]
name = "hapi_rs"
version = "0.1.1"
dependencies = [
 "serde 1.0.77 (registry+https://github.com/rust-lang/crates.io-index)",
]

[[package]]
name = "serde"
version = "1.0.77"
source = "registry+https://github.com/rust-lang/crates.io-index"

[metadata]
"checksum serde 1.0.77 (registry+https://github.com/rust-lang/crates.io-index)" = "c6e67977d7523ce4d9284ed58918af99392de8edb6192c44afefcf634654ab7f"
